
Microsoft Visual Studio Solution File, Format Version 12.00
# Visual Studio 15
VisualStudioVersion = 15.0.28307.539
MinimumVisualStudioVersion = 10.0.40219.1
Project("{FAE04EC0-301F-11D3-BF4B-00C04F79EFBC}") = "PayMgtSys", "PayMgtSys\PayMgtSys.csproj", "{3EF582CF-A014-4FB4-AA27-D849AB52E098}"
EndProject
Project("{FAE04EC0-301F-11D3-BF4B-00C04F79EFBC}") = "PayMgtSys.Biz", "PayMgtSys.Biz\PayMgtSys.Biz.csproj", "{72C2FD97-FD99-46AB-A38E-4E8F4343E1D0}"
EndProject
Project("{FAE04EC0-301F-11D3-BF4B-00C04F79EFBC}") = "PayMgtSys.DB", "PayMgtSys.DB\PayMgtSys.DB.csproj", "{6C104799-B5AB-4345-A4EE-B63DCA85D5C6}"
EndProject
Global
	GlobalSection(SolutionConfigurationPlatforms) = preSolution
		Debug|Any CPU = Debug|Any CPU
		Release|Any CPU = Release|Any CPU
	EndGlobalSection
	GlobalSection(ProjectConfigurationPlatforms) = postSolution
		{3EF582CF-A014-4FB4-AA27-D849AB52E098}.Debug|Any CPU.ActiveCfg = Debug|Any CPU
		{3EF582CF-A014-4FB4-AA27-D849AB52E098}.Debug|Any CPU.Build.0 = Debug|Any CPU
		{3EF582CF-A014-4FB4-AA27-D849AB52E098}.Release|Any CPU.ActiveCfg = Release|Any CPU
		{3EF582CF-A014-4FB4-AA27-D849AB52E098}.Release|Any CPU.Build.0 = Release|Any CPU
		{72C2FD97-FD99-46AB-A38E-4E8F4343E1D0}.Debug|Any CPU.ActiveCfg = Debug|Any CPU
		{72C2FD97-FD99-46AB-A38E-4E8F4343E1D0}.Debug|Any CPU.Build.0 = Debug|Any CPU
		{72C2FD97-FD99-46AB-A38E-4E8F4343E1D0}.Release|Any CPU.ActiveCfg = Release|Any CPU
		{72C2FD97-FD99-46AB-A38E-4E8F4343E1D0}.Release|Any CPU.Build.0 = Release|Any CPU
		{6C104799-B5AB-4345-A4EE-B63DCA85D5C6}.Debug|Any CPU.ActiveCfg = Debug|Any CPU
		{6C104799-B5AB-4345-A4EE-B63DCA85D5C6}.Debug|Any CPU.Build.0 = Debug|Any CPU
		{6C104799-B5AB-4345-A4EE-B63DCA85D5C6}.Release|Any CPU.ActiveCfg = Release|Any CPU
		{6C104799-B5AB-4345-A4EE-B63DCA85D5C6}.Release|Any CPU.Build.0 = Release|Any CPU
	EndGlobalSection
	GlobalSection(SolutionProperties) = preSolution
		HideSolutionNode = FALSE
	EndGlobalSection
	GlobalSection(ExtensibilityGlobals) = postSolution
		SolutionGuid = {58DE302E-8A53-4991-853A-8CA7FF20A730}
	EndGlobalSection
EndGlobal
